
Microsoft Visual Studio Solution File, Format Version 12.00
# Visual Studio Version 17
VisualStudioVersion = 17.8.34322.80
MinimumVisualStudioVersion = 10.0.40219.1
Project("{FAE04EC0-301F-11D3-BF4B-00C04F79EFBC}") = "Zad5", "Zad5.csproj", "{0F74763B-4F17-4A73-B929-220728FA6FF9}"
EndProject
Global
	GlobalSection(SolutionConfigurationPlatforms) = preSolution
		Debug|Any CPU = Debug|Any CPU
		Release|Any CPU = Release|Any CPU
	EndGlobalSection
	GlobalSection(ProjectConfigurationPlatforms) = postSolution
		{0F74763B-4F17-4A73-B929-220728FA6FF9}.Debug|Any CPU.ActiveCfg = Debug|Any CPU
		{0F74763B-4F17-4A73-B929-220728FA6FF9}.Debug|Any CPU.Build.0 = Debug|Any CPU
		{0F74763B-4F17-4A73-B929-220728FA6FF9}.Release|Any CPU.ActiveCfg = Release|Any CPU
		{0F74763B-4F17-4A73-B929-220728FA6FF9}.Release|Any CPU.Build.0 = Release|Any CPU
	EndGlobalSection
	GlobalSection(SolutionProperties) = preSolution
		HideSolutionNode = FALSE
	EndGlobalSection
	GlobalSection(ExtensibilityGlobals) = postSolution
		SolutionGuid = {F5A1C073-9A81-48B3-93CE-D740EE3754FF}
	EndGlobalSection
EndGlobal
